schema: '2.0'
stages:
  get-feature:
    cmd: python3 scripts/feature_engeering_scripts/get_features.py data/raw/train.csv
    deps:
    - path: data/raw/train.csv
      hash: md5
      md5: 4602eb98ec9fd5f5d84950203f6b1db8
      size: 62002
    - path: scripts/feature_engeering_scripts/get_features.py
      hash: md5
      md5: a981fa1aba048fba7cb097383e0c9220
      size: 880
    outs:
    - path: data/stage1
      hash: md5
      md5: 1a5fea4774b54d47d6c025b7c267ba33.dir
      size: 12339
      nfiles: 1
  fill-na:
    cmd: python3 scripts/feature_engeering_scripts/fill_na.py data/stage1/train.csv
    deps:
    - path: data/stage1/train.csv
      hash: md5
      md5: 1b535b2bd34cbdd1381768e168ffe20f
      size: 12339
    - path: scripts/feature_engeering_scripts/fill_na.py
      hash: md5
      md5: 65ddadc69e472dee30b3f4d6e9de89ac
      size: 1164
    outs:
    - path: data/stage2
      hash: md5
      md5: 45e5bd682374b0307769db2eeb1d2497.dir
      size: 13401
      nfiles: 1
  text_to_numeric:
    cmd: python3 scripts/feature_engeering_scripts/change_text_to_numeric.py data/stage2/train.csv
    deps:
    - path: data/stage2/train.csv
      hash: md5
      md5: f1e1712206e6880fdf26ef70f6a71b70
      size: 13401
    - path: scripts/feature_engeering_scripts/change_text_to_numeric.py
      hash: md5
      md5: 21ee53c737c71b6fa50e551426682dfa
      size: 1103
    outs:
    - path: data/stage3
      hash: md5
      md5: c155fe25690ba12ff5ff74433ee5bfa6.dir
      size: 10100
      nfiles: 1
  split:
    cmd: python3 scripts/feature_engeering_scripts/train_test_split.py data/stage3/train.csv
    deps:
    - path: data/stage3/train.csv
      hash: md5
      md5: 2d777ec4cb3a4c2b5251fb6a907a6b48
      size: 10100
    - path: scripts/feature_engeering_scripts/train_test_split.py
      hash: md5
      md5: d1441274a2b273e60099d254d1e5e529
      size: 949
    params:
      params.yaml:
        split.split_ratio: 0.3
    outs:
    - path: data/stage4
      hash: md5
      md5: 8f123b303ed45c009622a2923063b069.dir
      size: 10089
      nfiles: 2
  train:
    cmd: python3 scripts/model_scripts/dt.py data/stage4/train.csv model.pkl
    deps:
    - path: data/stage4/train.csv
      hash: md5
      md5: 722522f0f7e440a1bd66c74a7136e4c4
      size: 7076
    - path: scripts/model_scripts/dt.py
      hash: md5
      md5: c0f2c06b197ea883cffef5cab78bdb53
      size: 724
    params:
      params.yaml:
        train.max_depth: 4
        train.seed: 42
    outs:
    - path: models/model.pkl
      hash: md5
      md5: 971d3ecb26b027d6559b7a50aaa6f15b
      size: 3863
  evaluate:
    cmd: python3 scripts/model_scripts/evaluate.py data/stage4/test.csv models/model.pkl
    deps:
    - path: data/stage4/test.csv
      hash: md5
      md5: 51a587d59e12d49fca2ec3b467987d20
      size: 3013
    - path: models/model.pkl
      hash: md5
      md5: 971d3ecb26b027d6559b7a50aaa6f15b
      size: 3863
    - path: scripts/model_scripts/evaluate.py
      hash: md5
      md5: c8009ac80f6edfe1f1b2759a556312a1
      size: 565
    outs:
    - path: evaluate/score.json
      hash: md5
      md5: 0dc6b2c978098c95fc019ec330c0a23c
      size: 28
